# THIS IS AN AUTOGENERATED FILE. DO NOT EDIT THIS FILE DIRECTLY.
# yarn lockfile v1


"@aashutoshrathi/word-wrap@^1.2.3":
  "version" "1.2.6"

"@apollo/client@^3.8.1":
  "integrity" "sha512-JGGj/9bdoLEqzatRikDeN8etseY5qeFAY0vSAx/Pd0ePNsaflKzHx6V2NZ0NsGkInq+9IXXX3RLVDf0EotizMA=="
  "resolved" "https://registry.npmjs.org/@apollo/client/-/client-3.8.1.tgz"
  "version" "3.8.1"
  dependencies:
    "@graphql-typed-document-node/core" "^3.1.1"
    "@wry/context" "^0.7.3"
    "@wry/equality" "^0.5.6"
    "@wry/trie" "^0.4.3"
    "graphql-tag" "^2.12.6"
    "hoist-non-react-statics" "^3.3.2"
    "optimism" "^0.17.5"
    "prop-types" "^15.7.2"
    "response-iterator" "^0.2.6"
    "symbol-observable" "^4.0.0"
    "ts-invariant" "^0.10.3"
    "tslib" "^2.3.0"
    "zen-observable-ts" "^1.2.5"

"@babel/runtime@^7.20.7":
  "version" "7.22.10"
  dependencies:
    "regenerator-runtime" "^0.14.0"

"@eslint-community/eslint-utils@^4.2.0":
  "version" "4.4.0"
  dependencies:
    "eslint-visitor-keys" "^3.3.0"

"@eslint-community/regexpp@^4.6.1":
  "version" "4.6.2"

"@eslint/eslintrc@^2.1.2":
  "version" "2.1.2"
  dependencies:
    "ajv" "^6.12.4"
    "debug" "^4.3.2"
    "espree" "^9.6.0"
    "globals" "^13.19.0"
    "ignore" "^5.2.0"
    "import-fresh" "^3.2.1"
    "js-yaml" "^4.1.0"
    "minimatch" "^3.1.2"
    "strip-json-comments" "^3.1.1"

"@eslint/js@^8.47.0":
  "version" "8.47.0"

"@fortawesome/fontawesome-common-types@6.4.2":
  "version" "6.4.2"

"@fortawesome/fontawesome-svg-core@^6.4.2", "@fortawesome/fontawesome-svg-core@~1 || ~6":
  "version" "6.4.2"
  dependencies:
    "@fortawesome/fontawesome-common-types" "6.4.2"

"@fortawesome/free-solid-svg-icons@^6.4.2":
  "version" "6.4.2"
  dependencies:
    "@fortawesome/fontawesome-common-types" "6.4.2"

"@fortawesome/react-fontawesome@^0.2.0":
  "version" "0.2.0"
  dependencies:
    "prop-types" "^15.8.1"

"@graphql-typed-document-node/core@^3.1.1":
  "integrity" "sha512-mB9oAsNCm9aM3/SOv4YtBMqZbYj10R7dkq8byBqxGY/ncFwhf2oQzMV+LCRlWoDSEBJ3COiR1yeDvMtsoOsuFQ=="
  "resolved" "https://registry.npmjs.org/@graphql-typed-document-node/core/-/core-3.2.0.tgz"
  "version" "3.2.0"

"@humanwhocodes/config-array@^0.11.10":
  "version" "0.11.10"
  dependencies:
    "@humanwhocodes/object-schema" "^1.2.1"
    "debug" "^4.1.1"
    "minimatch" "^3.0.5"

"@humanwhocodes/module-importer@^1.0.1":
  "version" "1.0.1"

"@humanwhocodes/object-schema@^1.2.1":
  "version" "1.2.1"

"@next/env@13.4.16":
  "version" "13.4.16"

"@next/eslint-plugin-next@13.4.16":
  "version" "13.4.16"
  dependencies:
    "glob" "7.1.7"

"@next/swc-win32-x64-msvc@13.4.16":
  "version" "13.4.16"

"@nodelib/fs.scandir@2.1.5":
  "version" "2.1.5"
  dependencies:
    "@nodelib/fs.stat" "2.0.5"
    "run-parallel" "^1.1.9"

"@nodelib/fs.stat@^2.0.2", "@nodelib/fs.stat@2.0.5":
  "version" "2.0.5"

"@nodelib/fs.walk@^1.2.3", "@nodelib/fs.walk@^1.2.8":
  "version" "1.2.8"
  dependencies:
    "@nodelib/fs.scandir" "2.1.5"
    "fastq" "^1.6.0"

"@rushstack/eslint-patch@^1.1.3":
  "version" "1.3.3"

"@swc/helpers@0.5.1":
  "version" "0.5.1"
  dependencies:
    "tslib" "^2.4.0"

"@types/json5@^0.0.29":
  "version" "0.0.29"

"@typescript-eslint/parser@^5.4.2 || ^6.0.0":
  "version" "6.4.0"
  dependencies:
    "@typescript-eslint/scope-manager" "6.4.0"
    "@typescript-eslint/types" "6.4.0"
    "@typescript-eslint/typescript-estree" "6.4.0"
    "@typescript-eslint/visitor-keys" "6.4.0"
    "debug" "^4.3.4"

"@typescript-eslint/scope-manager@6.4.0":
  "version" "6.4.0"
  dependencies:
    "@typescript-eslint/types" "6.4.0"
    "@typescript-eslint/visitor-keys" "6.4.0"

"@typescript-eslint/types@6.4.0":
  "version" "6.4.0"

"@typescript-eslint/typescript-estree@6.4.0":
  "version" "6.4.0"
  dependencies:
    "@typescript-eslint/types" "6.4.0"
    "@typescript-eslint/visitor-keys" "6.4.0"
    "debug" "^4.3.4"
    "globby" "^11.1.0"
    "is-glob" "^4.0.3"
    "semver" "^7.5.4"
    "ts-api-utils" "^1.0.1"

"@typescript-eslint/visitor-keys@6.4.0":
  "version" "6.4.0"
  dependencies:
    "@typescript-eslint/types" "6.4.0"
    "eslint-visitor-keys" "^3.4.1"

"@wry/context@^0.7.0", "@wry/context@^0.7.3":
  "integrity" "sha512-Nl8WTesHp89RF803Se9X3IiHjdmLBrIvPMaJkl+rKVJAYyPsz1TEUbu89943HpvujtSJgDUx9W4vZw3K1Mr3sA=="
  "resolved" "https://registry.npmjs.org/@wry/context/-/context-0.7.3.tgz"
  "version" "0.7.3"
  dependencies:
    "tslib" "^2.3.0"

"@wry/equality@^0.5.6":
  "integrity" "sha512-D46sfMTngaYlrH+OspKf8mIJETntFnf6Hsjb0V41jAXJ7Bx2kB8Rv8RCUujuVWYttFtHkUNp7g+FwxNQAr6mXA=="
  "resolved" "https://registry.npmjs.org/@wry/equality/-/equality-0.5.6.tgz"
  "version" "0.5.6"
  dependencies:
    "tslib" "^2.3.0"

"@wry/trie@^0.4.3":
  "integrity" "sha512-I6bHwH0fSf6RqQcnnXLJKhkSXG45MFral3GxPaY4uAl0LYDZM+YDVDAiU9bYwjTuysy1S0IeecWtmq1SZA3M1w=="
  "resolved" "https://registry.npmjs.org/@wry/trie/-/trie-0.4.3.tgz"
  "version" "0.4.3"
  dependencies:
    "tslib" "^2.3.0"

"acorn-jsx@^5.3.2":
  "version" "5.3.2"

"acorn@^6.0.0 || ^7.0.0 || ^8.0.0", "acorn@^8.9.0":
  "version" "8.10.0"

"ajv@^6.12.4":
  "version" "6.12.6"
  dependencies:
    "fast-deep-equal" "^3.1.1"
    "fast-json-stable-stringify" "^2.0.0"
    "json-schema-traverse" "^0.4.1"
    "uri-js" "^4.2.2"

"ansi-regex@^5.0.1":
  "version" "5.0.1"

"ansi-styles@^4.1.0":
  "version" "4.3.0"
  dependencies:
    "color-convert" "^2.0.1"

"argparse@^2.0.1":
  "version" "2.0.1"

"aria-query@^5.1.3":
  "version" "5.3.0"
  dependencies:
    "dequal" "^2.0.3"

"array-buffer-byte-length@^1.0.0":
  "version" "1.0.0"
  dependencies:
    "call-bind" "^1.0.2"
    "is-array-buffer" "^3.0.1"

"array-includes@^3.1.6":
  "version" "3.1.6"
  dependencies:
    "call-bind" "^1.0.2"
    "define-properties" "^1.1.4"
    "es-abstract" "^1.20.4"
    "get-intrinsic" "^1.1.3"
    "is-string" "^1.0.7"

"array-union@^2.1.0":
  "version" "2.1.0"

"array.prototype.findlastindex@^1.2.2":
  "version" "1.2.2"
  dependencies:
    "call-bind" "^1.0.2"
    "define-properties" "^1.1.4"
    "es-abstract" "^1.20.4"
    "es-shim-unscopables" "^1.0.0"
    "get-intrinsic" "^1.1.3"

"array.prototype.flat@^1.3.1":
  "version" "1.3.1"
  dependencies:
    "call-bind" "^1.0.2"
    "define-properties" "^1.1.4"
    "es-abstract" "^1.20.4"
    "es-shim-unscopables" "^1.0.0"

"array.prototype.flatmap@^1.3.1":
  "version" "1.3.1"
  dependencies:
    "call-bind" "^1.0.2"
    "define-properties" "^1.1.4"
    "es-abstract" "^1.20.4"
    "es-shim-unscopables" "^1.0.0"

"array.prototype.tosorted@^1.1.1":
  "version" "1.1.1"
  dependencies:
    "call-bind" "^1.0.2"
    "define-properties" "^1.1.4"
    "es-abstract" "^1.20.4"
    "es-shim-unscopables" "^1.0.0"
    "get-intrinsic" "^1.1.3"

"arraybuffer.prototype.slice@^1.0.1":
  "version" "1.0.1"
  dependencies:
    "array-buffer-byte-length" "^1.0.0"
    "call-bind" "^1.0.2"
    "define-properties" "^1.2.0"
    "get-intrinsic" "^1.2.1"
    "is-array-buffer" "^3.0.2"
    "is-shared-array-buffer" "^1.0.2"

"ast-types-flow@^0.0.7":
  "version" "0.0.7"

"asynciterator.prototype@^1.0.0":
  "version" "1.0.0"
  dependencies:
    "has-symbols" "^1.0.3"

"available-typed-arrays@^1.0.5":
  "version" "1.0.5"

"axe-core@^4.6.2":
  "version" "4.7.2"

"axobject-query@^3.1.1":
  "version" "3.2.1"
  dependencies:
    "dequal" "^2.0.3"

"balanced-match@^1.0.0":
  "version" "1.0.2"

"brace-expansion@^1.1.7":
  "version" "1.1.11"
  dependencies:
    "balanced-match" "^1.0.0"
    "concat-map" "0.0.1"

"braces@^3.0.2":
  "version" "3.0.2"
  dependencies:
    "fill-range" "^7.0.1"

"busboy@1.6.0":
  "version" "1.6.0"
  dependencies:
    "streamsearch" "^1.1.0"

"call-bind@^1.0.0", "call-bind@^1.0.2":
  "version" "1.0.2"
  dependencies:
    "function-bind" "^1.1.1"
    "get-intrinsic" "^1.0.2"

"callsites@^3.0.0":
  "version" "3.1.0"

"caniuse-lite@^1.0.30001406":
  "version" "1.0.30001521"

"chalk@^4.0.0":
  "version" "4.1.2"
  dependencies:
    "ansi-styles" "^4.1.0"
    "supports-color" "^7.1.0"

"classnames@^2.2.5":
  "version" "2.3.2"

"client-only@0.0.1":
  "version" "0.0.1"

"color-convert@^2.0.1":
  "version" "2.0.1"
  dependencies:
    "color-name" "~1.1.4"

"color-name@~1.1.4":
  "version" "1.1.4"

"concat-map@0.0.1":
  "version" "0.0.1"

"cross-spawn@^7.0.2":
  "version" "7.0.3"
  dependencies:
    "path-key" "^3.1.0"
    "shebang-command" "^2.0.0"
    "which" "^2.0.1"

"damerau-levenshtein@^1.0.8":
  "version" "1.0.8"

"debug@^3.2.7":
  "version" "3.2.7"
  dependencies:
    "ms" "^2.1.1"

"debug@^4.1.1", "debug@^4.3.2", "debug@^4.3.4":
  "version" "4.3.4"
  dependencies:
    "ms" "2.1.2"

"deep-is@^0.1.3":
  "version" "0.1.4"

"define-properties@^1.1.3", "define-properties@^1.1.4", "define-properties@^1.2.0":
  "version" "1.2.0"
  dependencies:
    "has-property-descriptors" "^1.0.0"
    "object-keys" "^1.1.1"

"dequal@^2.0.3":
  "version" "2.0.3"

"dir-glob@^3.0.1":
  "version" "3.0.1"
  dependencies:
    "path-type" "^4.0.0"

"doctrine@^2.1.0":
  "version" "2.1.0"
  dependencies:
    "esutils" "^2.0.2"

"doctrine@^3.0.0":
  "version" "3.0.0"
  dependencies:
    "esutils" "^2.0.2"

"emoji-regex@^9.2.2":
  "version" "9.2.2"

"enhanced-resolve@^5.12.0":
  "version" "5.15.0"
  dependencies:
    "graceful-fs" "^4.2.4"
    "tapable" "^2.2.0"

"enquire.js@^2.1.6":
  "version" "2.1.6"

"es-abstract@^1.19.0", "es-abstract@^1.20.4", "es-abstract@^1.21.2", "es-abstract@^1.21.3":
  "version" "1.22.1"
  dependencies:
    "array-buffer-byte-length" "^1.0.0"
    "arraybuffer.prototype.slice" "^1.0.1"
    "available-typed-arrays" "^1.0.5"
    "call-bind" "^1.0.2"
    "es-set-tostringtag" "^2.0.1"
    "es-to-primitive" "^1.2.1"
    "function.prototype.name" "^1.1.5"
    "get-intrinsic" "^1.2.1"
    "get-symbol-description" "^1.0.0"
    "globalthis" "^1.0.3"
    "gopd" "^1.0.1"
    "has" "^1.0.3"
    "has-property-descriptors" "^1.0.0"
    "has-proto" "^1.0.1"
    "has-symbols" "^1.0.3"
    "internal-slot" "^1.0.5"
    "is-array-buffer" "^3.0.2"
    "is-callable" "^1.2.7"
    "is-negative-zero" "^2.0.2"
    "is-regex" "^1.1.4"
    "is-shared-array-buffer" "^1.0.2"
    "is-string" "^1.0.7"
    "is-typed-array" "^1.1.10"
    "is-weakref" "^1.0.2"
    "object-inspect" "^1.12.3"
    "object-keys" "^1.1.1"
    "object.assign" "^4.1.4"
    "regexp.prototype.flags" "^1.5.0"
    "safe-array-concat" "^1.0.0"
    "safe-regex-test" "^1.0.0"
    "string.prototype.trim" "^1.2.7"
    "string.prototype.trimend" "^1.0.6"
    "string.prototype.trimstart" "^1.0.6"
    "typed-array-buffer" "^1.0.0"
    "typed-array-byte-length" "^1.0.0"
    "typed-array-byte-offset" "^1.0.0"
    "typed-array-length" "^1.0.4"
    "unbox-primitive" "^1.0.2"
    "which-typed-array" "^1.1.10"

"es-iterator-helpers@^1.0.12":
  "version" "1.0.13"
  dependencies:
    "asynciterator.prototype" "^1.0.0"
    "call-bind" "^1.0.2"
    "define-properties" "^1.2.0"
    "es-abstract" "^1.21.3"
    "es-set-tostringtag" "^2.0.1"
    "function-bind" "^1.1.1"
    "get-intrinsic" "^1.2.1"
    "globalthis" "^1.0.3"
    "has-property-descriptors" "^1.0.0"
    "has-proto" "^1.0.1"
    "has-symbols" "^1.0.3"
    "internal-slot" "^1.0.5"
    "iterator.prototype" "^1.1.0"
    "safe-array-concat" "^1.0.0"

"es-set-tostringtag@^2.0.1":
  "version" "2.0.1"
  dependencies:
    "get-intrinsic" "^1.1.3"
    "has" "^1.0.3"
    "has-tostringtag" "^1.0.0"

"es-shim-unscopables@^1.0.0":
  "version" "1.0.0"
  dependencies:
    "has" "^1.0.3"

"es-to-primitive@^1.2.1":
  "version" "1.2.1"
  dependencies:
    "is-callable" "^1.1.4"
    "is-date-object" "^1.0.1"
    "is-symbol" "^1.0.2"

"escape-string-regexp@^4.0.0":
  "version" "4.0.0"

"eslint-config-next@13.4.16":
  "version" "13.4.16"
  dependencies:
    "@next/eslint-plugin-next" "13.4.16"
    "@rushstack/eslint-patch" "^1.1.3"
    "@typescript-eslint/parser" "^5.4.2 || ^6.0.0"
    "eslint-import-resolver-node" "^0.3.6"
    "eslint-import-resolver-typescript" "^3.5.2"
    "eslint-plugin-import" "^2.26.0"
    "eslint-plugin-jsx-a11y" "^6.5.1"
    "eslint-plugin-react" "^7.31.7"
    "eslint-plugin-react-hooks" "5.0.0-canary-7118f5dd7-20230705"

"eslint-import-resolver-node@^0.3.6", "eslint-import-resolver-node@^0.3.7":
  "version" "0.3.9"
  dependencies:
    "debug" "^3.2.7"
    "is-core-module" "^2.13.0"
    "resolve" "^1.22.4"

"eslint-import-resolver-typescript@^3.5.2":
  "version" "3.6.0"
  dependencies:
    "debug" "^4.3.4"
    "enhanced-resolve" "^5.12.0"
    "eslint-module-utils" "^2.7.4"
    "fast-glob" "^3.3.1"
    "get-tsconfig" "^4.5.0"
    "is-core-module" "^2.11.0"
    "is-glob" "^4.0.3"

"eslint-module-utils@^2.7.4", "eslint-module-utils@^2.8.0":
  "version" "2.8.0"
  dependencies:
    "debug" "^3.2.7"

"eslint-plugin-import@*", "eslint-plugin-import@^2.26.0":
  "version" "2.28.0"
  dependencies:
    "array-includes" "^3.1.6"
    "array.prototype.findlastindex" "^1.2.2"
    "array.prototype.flat" "^1.3.1"
    "array.prototype.flatmap" "^1.3.1"
    "debug" "^3.2.7"
    "doctrine" "^2.1.0"
    "eslint-import-resolver-node" "^0.3.7"
    "eslint-module-utils" "^2.8.0"
    "has" "^1.0.3"
    "is-core-module" "^2.12.1"
    "is-glob" "^4.0.3"
    "minimatch" "^3.1.2"
    "object.fromentries" "^2.0.6"
    "object.groupby" "^1.0.0"
    "object.values" "^1.1.6"
    "resolve" "^1.22.3"
    "semver" "^6.3.1"
    "tsconfig-paths" "^3.14.2"

"eslint-plugin-jsx-a11y@^6.5.1":
  "version" "6.7.1"
  dependencies:
    "@babel/runtime" "^7.20.7"
    "aria-query" "^5.1.3"
    "array-includes" "^3.1.6"
    "array.prototype.flatmap" "^1.3.1"
    "ast-types-flow" "^0.0.7"
    "axe-core" "^4.6.2"
    "axobject-query" "^3.1.1"
    "damerau-levenshtein" "^1.0.8"
    "emoji-regex" "^9.2.2"
    "has" "^1.0.3"
    "jsx-ast-utils" "^3.3.3"
    "language-tags" "=1.0.5"
    "minimatch" "^3.1.2"
    "object.entries" "^1.1.6"
    "object.fromentries" "^2.0.6"
    "semver" "^6.3.0"

"eslint-plugin-react-hooks@5.0.0-canary-7118f5dd7-20230705":
  "version" "5.0.0-canary-7118f5dd7-20230705"

"eslint-plugin-react@^7.31.7":
  "version" "7.33.2"
  dependencies:
    "array-includes" "^3.1.6"
    "array.prototype.flatmap" "^1.3.1"
    "array.prototype.tosorted" "^1.1.1"
    "doctrine" "^2.1.0"
    "es-iterator-helpers" "^1.0.12"
    "estraverse" "^5.3.0"
    "jsx-ast-utils" "^2.4.1 || ^3.0.0"
    "minimatch" "^3.1.2"
    "object.entries" "^1.1.6"
    "object.fromentries" "^2.0.6"
    "object.hasown" "^1.1.2"
    "object.values" "^1.1.6"
    "prop-types" "^15.8.1"
    "resolve" "^2.0.0-next.4"
    "semver" "^6.3.1"
    "string.prototype.matchall" "^4.0.8"

"eslint-scope@^7.2.2":
  "version" "7.2.2"
  dependencies:
    "esrecurse" "^4.3.0"
    "estraverse" "^5.2.0"

"eslint-visitor-keys@^3.3.0", "eslint-visitor-keys@^3.4.1", "eslint-visitor-keys@^3.4.3":
  "version" "3.4.3"

"eslint@*", "eslint@^2 || ^3 || ^4 || ^5 || ^6 || ^7.2.0 || ^8", "eslint@^3 || ^4 || ^5 || ^6 || ^7 || ^8", "eslint@^3.0.0 || ^4.0.0 || ^5.0.0 || ^6.0.0 || ^7.0.0 || ^8.0.0-0", "eslint@^6.0.0 || ^7.0.0 || >=8.0.0", "eslint@^7.0.0 || ^8.0.0", "eslint@^7.23.0 || ^8.0.0", "eslint@8.47.0":
  "version" "8.47.0"
  dependencies:
    "@eslint-community/eslint-utils" "^4.2.0"
    "@eslint-community/regexpp" "^4.6.1"
    "@eslint/eslintrc" "^2.1.2"
    "@eslint/js" "^8.47.0"
    "@humanwhocodes/config-array" "^0.11.10"
    "@humanwhocodes/module-importer" "^1.0.1"
    "@nodelib/fs.walk" "^1.2.8"
    "ajv" "^6.12.4"
    "chalk" "^4.0.0"
    "cross-spawn" "^7.0.2"
    "debug" "^4.3.2"
    "doctrine" "^3.0.0"
    "escape-string-regexp" "^4.0.0"
    "eslint-scope" "^7.2.2"
    "eslint-visitor-keys" "^3.4.3"
    "espree" "^9.6.1"
    "esquery" "^1.4.2"
    "esutils" "^2.0.2"
    "fast-deep-equal" "^3.1.3"
    "file-entry-cache" "^6.0.1"
    "find-up" "^5.0.0"
    "glob-parent" "^6.0.2"
    "globals" "^13.19.0"
    "graphemer" "^1.4.0"
    "ignore" "^5.2.0"
    "imurmurhash" "^0.1.4"
    "is-glob" "^4.0.0"
    "is-path-inside" "^3.0.3"
    "js-yaml" "^4.1.0"
    "json-stable-stringify-without-jsonify" "^1.0.1"
    "levn" "^0.4.1"
    "lodash.merge" "^4.6.2"
    "minimatch" "^3.1.2"
    "natural-compare" "^1.4.0"
    "optionator" "^0.9.3"
    "strip-ansi" "^6.0.1"
    "text-table" "^0.2.0"

"espree@^9.6.0", "espree@^9.6.1":
  "version" "9.6.1"
  dependencies:
    "acorn" "^8.9.0"
    "acorn-jsx" "^5.3.2"
    "eslint-visitor-keys" "^3.4.1"

"esquery@^1.4.2":
  "version" "1.5.0"
  dependencies:
    "estraverse" "^5.1.0"

"esrecurse@^4.3.0":
  "version" "4.3.0"
  dependencies:
    "estraverse" "^5.2.0"

"estraverse@^5.1.0", "estraverse@^5.2.0", "estraverse@^5.3.0":
  "version" "5.3.0"

"esutils@^2.0.2":
  "version" "2.0.3"

"fast-deep-equal@^3.1.1", "fast-deep-equal@^3.1.3":
  "version" "3.1.3"

"fast-glob@^3.2.9", "fast-glob@^3.3.1":
  "version" "3.3.1"
  dependencies:
    "@nodelib/fs.stat" "^2.0.2"
    "@nodelib/fs.walk" "^1.2.3"
    "glob-parent" "^5.1.2"
    "merge2" "^1.3.0"
    "micromatch" "^4.0.4"

"fast-json-stable-stringify@^2.0.0":
  "version" "2.1.0"

"fast-levenshtein@^2.0.6":
  "version" "2.0.6"

"fastq@^1.6.0":
  "version" "1.15.0"
  dependencies:
    "reusify" "^1.0.4"

"file-entry-cache@^6.0.1":
  "version" "6.0.1"
  dependencies:
    "flat-cache" "^3.0.4"

"fill-range@^7.0.1":
  "version" "7.0.1"
  dependencies:
    "to-regex-range" "^5.0.1"

"find-up@^5.0.0":
  "version" "5.0.0"
  dependencies:
    "locate-path" "^6.0.0"
    "path-exists" "^4.0.0"

"flat-cache@^3.0.4":
  "version" "3.0.4"
  dependencies:
    "flatted" "^3.1.0"
    "rimraf" "^3.0.2"

"flatted@^3.1.0":
  "version" "3.2.7"

"for-each@^0.3.3":
  "version" "0.3.3"
  dependencies:
    "is-callable" "^1.1.3"

"fs.realpath@^1.0.0":
  "version" "1.0.0"

"function-bind@^1.1.1":
  "version" "1.1.1"

"function.prototype.name@^1.1.5":
  "version" "1.1.5"
  dependencies:
    "call-bind" "^1.0.2"
    "define-properties" "^1.1.3"
    "es-abstract" "^1.19.0"
    "functions-have-names" "^1.2.2"

"functions-have-names@^1.2.2", "functions-have-names@^1.2.3":
  "version" "1.2.3"

"get-intrinsic@^1.0.2", "get-intrinsic@^1.1.1", "get-intrinsic@^1.1.3", "get-intrinsic@^1.2.0", "get-intrinsic@^1.2.1":
  "version" "1.2.1"
  dependencies:
    "function-bind" "^1.1.1"
    "has" "^1.0.3"
    "has-proto" "^1.0.1"
    "has-symbols" "^1.0.3"

"get-symbol-description@^1.0.0":
  "version" "1.0.0"
  dependencies:
    "call-bind" "^1.0.2"
    "get-intrinsic" "^1.1.1"

"get-tsconfig@^4.5.0":
  "version" "4.7.0"
  dependencies:
    "resolve-pkg-maps" "^1.0.0"

"glob-parent@^5.1.2":
  "version" "5.1.2"
  dependencies:
    "is-glob" "^4.0.1"

"glob-parent@^6.0.2":
  "version" "6.0.2"
  dependencies:
    "is-glob" "^4.0.3"

"glob-to-regexp@^0.4.1":
  "version" "0.4.1"

"glob@^7.1.3":
  "version" "7.2.3"
  dependencies:
    "fs.realpath" "^1.0.0"
    "inflight" "^1.0.4"
    "inherits" "2"
    "minimatch" "^3.1.1"
    "once" "^1.3.0"
    "path-is-absolute" "^1.0.0"

"glob@7.1.7":
  "version" "7.1.7"
  dependencies:
    "fs.realpath" "^1.0.0"
    "inflight" "^1.0.4"
    "inherits" "2"
    "minimatch" "^3.0.4"
    "once" "^1.3.0"
    "path-is-absolute" "^1.0.0"

"globals@^13.19.0":
  "version" "13.21.0"
  dependencies:
    "type-fest" "^0.20.2"

"globalthis@^1.0.3":
  "version" "1.0.3"
  dependencies:
    "define-properties" "^1.1.3"

"globby@^11.1.0":
  "version" "11.1.0"
  dependencies:
    "array-union" "^2.1.0"
    "dir-glob" "^3.0.1"
    "fast-glob" "^3.2.9"
    "ignore" "^5.2.0"
    "merge2" "^1.4.1"
    "slash" "^3.0.0"

"gopd@^1.0.1":
  "version" "1.0.1"
  dependencies:
    "get-intrinsic" "^1.1.3"

"graceful-fs@^4.1.2", "graceful-fs@^4.2.4":
  "version" "4.2.11"

"graphemer@^1.4.0":
  "version" "1.4.0"

"graphql-tag@^2.12.6":
  "integrity" "sha512-FdSNcu2QQcWnM2VNvSCCDCVS5PpPqpzgFT8+GXzqJuoDd0CBncxCY278u4mhRO7tMgo2JjgJA5aZ+nWSQ/Z+xg=="
  "resolved" "https://registry.npmjs.org/graphql-tag/-/graphql-tag-2.12.6.tgz"
  "version" "2.12.6"
  dependencies:
    "tslib" "^2.1.0"

"graphql@^0.8.0 || ^0.9.0 || ^0.10.0 || ^0.11.0 || ^0.12.0 || ^0.13.0 || ^14.0.0 || ^15.0.0 || ^16.0.0 || ^17.0.0", "graphql@^0.9.0 || ^0.10.0 || ^0.11.0 || ^0.12.0 || ^0.13.0 || ^14.0.0 || ^15.0.0 || ^16.0.0", "graphql@^14.0.0 || ^15.0.0 || ^16.0.0", "graphql@^16.8.0":
  "integrity" "sha512-0oKGaR+y3qcS5mCu1vb7KG+a89vjn06C7Ihq/dDl3jA+A8B3TKomvi3CiEcVLJQGalbu8F52LxkOym7U5sSfbg=="
  "resolved" "https://registry.npmjs.org/graphql/-/graphql-16.8.0.tgz"
  "version" "16.8.0"

"has-bigints@^1.0.1", "has-bigints@^1.0.2":
  "version" "1.0.2"

"has-flag@^4.0.0":
  "version" "4.0.0"

"has-property-descriptors@^1.0.0":
  "version" "1.0.0"
  dependencies:
    "get-intrinsic" "^1.1.1"

"has-proto@^1.0.1":
  "version" "1.0.1"

"has-symbols@^1.0.2", "has-symbols@^1.0.3":
  "version" "1.0.3"

"has-tostringtag@^1.0.0":
  "version" "1.0.0"
  dependencies:
    "has-symbols" "^1.0.2"

"has@^1.0.3":
  "version" "1.0.3"
  dependencies:
    "function-bind" "^1.1.1"

"hoist-non-react-statics@^3.3.2":
  "integrity" "sha512-/gGivxi8JPKWNm/W0jSmzcMPpfpPLc3dY/6GxhX2hQ9iGj3aDfklV4ET7NjKpSinLpJ5vafa9iiGIEZg10SfBw=="
  "resolved" "https://registry.npmjs.org/hoist-non-react-statics/-/hoist-non-react-statics-3.3.2.tgz"
  "version" "3.3.2"
  dependencies:
    "react-is" "^16.7.0"

"ignore@^5.2.0":
  "version" "5.2.4"

"import-fresh@^3.2.1":
  "version" "3.3.0"
  dependencies:
    "parent-module" "^1.0.0"
    "resolve-from" "^4.0.0"

"imurmurhash@^0.1.4":
  "version" "0.1.4"

"inflight@^1.0.4":
  "version" "1.0.6"
  dependencies:
    "once" "^1.3.0"
    "wrappy" "1"

"inherits@2":
  "version" "2.0.4"

"internal-slot@^1.0.3", "internal-slot@^1.0.5":
  "version" "1.0.5"
  dependencies:
    "get-intrinsic" "^1.2.0"
    "has" "^1.0.3"
    "side-channel" "^1.0.4"

"is-array-buffer@^3.0.1", "is-array-buffer@^3.0.2":
  "version" "3.0.2"
  dependencies:
    "call-bind" "^1.0.2"
    "get-intrinsic" "^1.2.0"
    "is-typed-array" "^1.1.10"

"is-async-function@^2.0.0":
  "version" "2.0.0"
  dependencies:
    "has-tostringtag" "^1.0.0"

"is-bigint@^1.0.1":
  "version" "1.0.4"
  dependencies:
    "has-bigints" "^1.0.1"

"is-boolean-object@^1.1.0":
  "version" "1.1.2"
  dependencies:
    "call-bind" "^1.0.2"
    "has-tostringtag" "^1.0.0"

"is-callable@^1.1.3", "is-callable@^1.1.4", "is-callable@^1.2.7":
  "version" "1.2.7"

"is-core-module@^2.11.0", "is-core-module@^2.12.1", "is-core-module@^2.13.0", "is-core-module@^2.9.0":
  "version" "2.13.0"
  dependencies:
    "has" "^1.0.3"

"is-date-object@^1.0.1", "is-date-object@^1.0.5":
  "version" "1.0.5"
  dependencies:
    "has-tostringtag" "^1.0.0"

"is-extglob@^2.1.1":
  "version" "2.1.1"

"is-finalizationregistry@^1.0.2":
  "version" "1.0.2"
  dependencies:
    "call-bind" "^1.0.2"

"is-generator-function@^1.0.10":
  "version" "1.0.10"
  dependencies:
    "has-tostringtag" "^1.0.0"

"is-glob@^4.0.0", "is-glob@^4.0.1", "is-glob@^4.0.3":
  "version" "4.0.3"
  dependencies:
    "is-extglob" "^2.1.1"

"is-map@^2.0.1":
  "version" "2.0.2"

"is-negative-zero@^2.0.2":
  "version" "2.0.2"

"is-number-object@^1.0.4":
  "version" "1.0.7"
  dependencies:
    "has-tostringtag" "^1.0.0"

"is-number@^7.0.0":
  "version" "7.0.0"

"is-path-inside@^3.0.3":
  "version" "3.0.3"

"is-regex@^1.1.4":
  "version" "1.1.4"
  dependencies:
    "call-bind" "^1.0.2"
    "has-tostringtag" "^1.0.0"

"is-set@^2.0.1":
  "version" "2.0.2"

"is-shared-array-buffer@^1.0.2":
  "version" "1.0.2"
  dependencies:
    "call-bind" "^1.0.2"

"is-string@^1.0.5", "is-string@^1.0.7":
  "version" "1.0.7"
  dependencies:
    "has-tostringtag" "^1.0.0"

"is-symbol@^1.0.2", "is-symbol@^1.0.3":
  "version" "1.0.4"
  dependencies:
    "has-symbols" "^1.0.2"

"is-typed-array@^1.1.10", "is-typed-array@^1.1.9":
  "version" "1.1.12"
  dependencies:
    "which-typed-array" "^1.1.11"

"is-weakmap@^2.0.1":
  "version" "2.0.1"

"is-weakref@^1.0.2":
  "version" "1.0.2"
  dependencies:
    "call-bind" "^1.0.2"

"is-weakset@^2.0.1":
  "version" "2.0.2"
  dependencies:
    "call-bind" "^1.0.2"
    "get-intrinsic" "^1.1.1"

"isarray@^2.0.5":
  "version" "2.0.5"

"isexe@^2.0.0":
  "version" "2.0.0"

"iterator.prototype@^1.1.0":
  "version" "1.1.0"
  dependencies:
    "define-properties" "^1.1.4"
    "get-intrinsic" "^1.1.3"
    "has-symbols" "^1.0.3"
    "has-tostringtag" "^1.0.0"
    "reflect.getprototypeof" "^1.0.3"

"jquery@>=1.8.0":
  "integrity" "sha512-m4avr8yL8kmFN8psrbFFFmB/If14iN5o9nw/NgnnM+kybDJpRsAynV2BsfpTYrTRysYUdADVD7CkUUizgkpLfg=="
  "resolved" "https://registry.npmjs.org/jquery/-/jquery-3.7.1.tgz"
  "version" "3.7.1"

"js-tokens@^3.0.0 || ^4.0.0":
  "version" "4.0.0"

"js-yaml@^4.1.0":
  "version" "4.1.0"
  dependencies:
    "argparse" "^2.0.1"

"json-schema-traverse@^0.4.1":
  "version" "0.4.1"

"json-stable-stringify-without-jsonify@^1.0.1":
  "version" "1.0.1"

"json2mq@^0.2.0":
  "version" "0.2.0"
  dependencies:
    "string-convert" "^0.2.0"

"json5@^1.0.2":
  "version" "1.0.2"
  dependencies:
    "minimist" "^1.2.0"

"jsx-ast-utils@^2.4.1 || ^3.0.0", "jsx-ast-utils@^3.3.3":
  "version" "3.3.5"
  dependencies:
    "array-includes" "^3.1.6"
    "array.prototype.flat" "^1.3.1"
    "object.assign" "^4.1.4"
    "object.values" "^1.1.6"

"language-subtag-registry@~0.3.2":
  "version" "0.3.22"

"language-tags@=1.0.5":
  "version" "1.0.5"
  dependencies:
    "language-subtag-registry" "~0.3.2"

"levn@^0.4.1":
  "version" "0.4.1"
  dependencies:
    "prelude-ls" "^1.2.1"
    "type-check" "~0.4.0"

"locate-path@^6.0.0":
  "version" "6.0.0"
  dependencies:
    "p-locate" "^5.0.0"

"lodash.debounce@^4.0.8":
  "version" "4.0.8"

"lodash.merge@^4.6.2":
  "version" "4.6.2"

"loose-envify@^1.1.0", "loose-envify@^1.4.0":
  "version" "1.4.0"
  dependencies:
    "js-tokens" "^3.0.0 || ^4.0.0"

"lru-cache@^6.0.0":
  "version" "6.0.0"
  dependencies:
    "yallist" "^4.0.0"

"merge2@^1.3.0", "merge2@^1.4.1":
  "version" "1.4.1"

"micromatch@^4.0.4":
  "version" "4.0.5"
  dependencies:
    "braces" "^3.0.2"
    "picomatch" "^2.3.1"

"minimatch@^3.0.4", "minimatch@^3.0.5", "minimatch@^3.1.1", "minimatch@^3.1.2":
  "version" "3.1.2"
  dependencies:
    "brace-expansion" "^1.1.7"

"minimist@^1.2.0", "minimist@^1.2.6":
  "version" "1.2.8"

"ms@^2.1.1":
  "version" "2.1.3"

"ms@2.1.2":
  "version" "2.1.2"

"nanoid@^3.3.4":
  "version" "3.3.6"

"natural-compare@^1.4.0":
  "version" "1.4.0"

"next@13.4.16":
  "version" "13.4.16"
  dependencies:
    "@next/env" "13.4.16"
    "@swc/helpers" "0.5.1"
    "busboy" "1.6.0"
    "caniuse-lite" "^1.0.30001406"
    "postcss" "8.4.14"
    "styled-jsx" "5.1.1"
    "watchpack" "2.4.0"
    "zod" "3.21.4"
  optionalDependencies:
    "@next/swc-darwin-arm64" "13.4.16"
    "@next/swc-darwin-x64" "13.4.16"
    "@next/swc-linux-arm64-gnu" "13.4.16"
    "@next/swc-linux-arm64-musl" "13.4.16"
    "@next/swc-linux-x64-gnu" "13.4.16"
    "@next/swc-linux-x64-musl" "13.4.16"
    "@next/swc-win32-arm64-msvc" "13.4.16"
    "@next/swc-win32-ia32-msvc" "13.4.16"
    "@next/swc-win32-x64-msvc" "13.4.16"

"object-assign@^4.1.1":
  "version" "4.1.1"

"object-inspect@^1.12.3", "object-inspect@^1.9.0":
  "version" "1.12.3"

"object-keys@^1.1.1":
  "version" "1.1.1"

"object.assign@^4.1.4":
  "version" "4.1.4"
  dependencies:
    "call-bind" "^1.0.2"
    "define-properties" "^1.1.4"
    "has-symbols" "^1.0.3"
    "object-keys" "^1.1.1"

"object.entries@^1.1.6":
  "version" "1.1.6"
  dependencies:
    "call-bind" "^1.0.2"
    "define-properties" "^1.1.4"
    "es-abstract" "^1.20.4"

"object.fromentries@^2.0.6":
  "version" "2.0.6"
  dependencies:
    "call-bind" "^1.0.2"
    "define-properties" "^1.1.4"
    "es-abstract" "^1.20.4"

"object.groupby@^1.0.0":
  "version" "1.0.0"
  dependencies:
    "call-bind" "^1.0.2"
    "define-properties" "^1.2.0"
    "es-abstract" "^1.21.2"
    "get-intrinsic" "^1.2.1"

"object.hasown@^1.1.2":
  "version" "1.1.2"
  dependencies:
    "define-properties" "^1.1.4"
    "es-abstract" "^1.20.4"

"object.values@^1.1.6":
  "version" "1.1.6"
  dependencies:
    "call-bind" "^1.0.2"
    "define-properties" "^1.1.4"
    "es-abstract" "^1.20.4"

"once@^1.3.0":
  "version" "1.4.0"
  dependencies:
    "wrappy" "1"

"optimism@^0.17.5":
  "integrity" "sha512-TEcp8ZwK1RczmvMnvktxHSF2tKgMWjJ71xEFGX5ApLh67VsMSTy1ZUlipJw8W+KaqgOmQ+4pqwkeivY89j+4Vw=="
  "resolved" "https://registry.npmjs.org/optimism/-/optimism-0.17.5.tgz"
  "version" "0.17.5"
  dependencies:
    "@wry/context" "^0.7.0"
    "@wry/trie" "^0.4.3"
    "tslib" "^2.3.0"

"optionator@^0.9.3":
  "version" "0.9.3"
  dependencies:
    "@aashutoshrathi/word-wrap" "^1.2.3"
    "deep-is" "^0.1.3"
    "fast-levenshtein" "^2.0.6"
    "levn" "^0.4.1"
    "prelude-ls" "^1.2.1"
    "type-check" "^0.4.0"

"p-limit@^3.0.2":
  "version" "3.1.0"
  dependencies:
    "yocto-queue" "^0.1.0"

"p-locate@^5.0.0":
  "version" "5.0.0"
  dependencies:
    "p-limit" "^3.0.2"

"parent-module@^1.0.0":
  "version" "1.0.1"
  dependencies:
    "callsites" "^3.0.0"

"path-exists@^4.0.0":
  "version" "4.0.0"

"path-is-absolute@^1.0.0":
  "version" "1.0.1"

"path-key@^3.1.0":
  "version" "3.1.1"

"path-parse@^1.0.7":
  "version" "1.0.7"

"path-type@^4.0.0":
  "version" "4.0.0"

"picocolors@^1.0.0":
  "version" "1.0.0"

"picomatch@^2.3.1":
  "version" "2.3.1"

"postcss@8.4.14":
  "version" "8.4.14"
  dependencies:
    "nanoid" "^3.3.4"
    "picocolors" "^1.0.0"
    "source-map-js" "^1.0.2"

"prelude-ls@^1.2.1":
  "version" "1.2.1"

"prop-types@^15.7.2", "prop-types@^15.8.1":
  "version" "15.8.1"
  dependencies:
    "loose-envify" "^1.4.0"
    "object-assign" "^4.1.1"
    "react-is" "^16.13.1"

"punycode@^2.1.0":
  "version" "2.3.0"

"queue-microtask@^1.2.2":
  "version" "1.2.3"

"react-dom@^0.14.0 || ^15.0.1 || ^16.0.0 || ^17.0.0 || ^18.0.0", "react-dom@^16.8.0 || ^17.0.0 || ^18.0.0", "react-dom@^18.2.0", "react-dom@18.2.0":
  "version" "18.2.0"
  dependencies:
    "loose-envify" "^1.1.0"
    "scheduler" "^0.23.0"

"react-is@^16.13.1", "react-is@^16.7.0":
  "version" "16.13.1"

"react-slick@^0.29.0":
  "version" "0.29.0"
  dependencies:
    "classnames" "^2.2.5"
    "enquire.js" "^2.1.6"
    "json2mq" "^0.2.0"
    "lodash.debounce" "^4.0.8"
    "resize-observer-polyfill" "^1.5.0"

"react@^0.14.0 || ^15.0.1 || ^16.0.0 || ^17.0.0 || ^18.0.0", "react@^16.8.0 || ^17.0.0 || ^18.0.0", "react@^18.2.0", "react@>= 16.8.0 || 17.x.x || ^18.0.0-0", "react@>=16.3", "react@18.2.0":
  "version" "18.2.0"
  dependencies:
    "loose-envify" "^1.1.0"

"reflect.getprototypeof@^1.0.3":
  "version" "1.0.3"
  dependencies:
    "call-bind" "^1.0.2"
    "define-properties" "^1.1.4"
    "es-abstract" "^1.20.4"
    "get-intrinsic" "^1.1.1"
    "globalthis" "^1.0.3"
    "which-builtin-type" "^1.1.3"

"regenerator-runtime@^0.14.0":
  "version" "0.14.0"

"regexp.prototype.flags@^1.4.3", "regexp.prototype.flags@^1.5.0":
  "version" "1.5.0"
  dependencies:
    "call-bind" "^1.0.2"
    "define-properties" "^1.2.0"
    "functions-have-names" "^1.2.3"

"resize-observer-polyfill@^1.5.0":
  "version" "1.5.1"

"resolve-from@^4.0.0":
  "version" "4.0.0"

"resolve-pkg-maps@^1.0.0":
  "version" "1.0.0"

"resolve@^1.22.3", "resolve@^1.22.4":
  "version" "1.22.4"
  dependencies:
    "is-core-module" "^2.13.0"
    "path-parse" "^1.0.7"
    "supports-preserve-symlinks-flag" "^1.0.0"

"resolve@^2.0.0-next.4":
  "version" "2.0.0-next.4"
  dependencies:
    "is-core-module" "^2.9.0"
    "path-parse" "^1.0.7"
    "supports-preserve-symlinks-flag" "^1.0.0"

"response-iterator@^0.2.6":
  "integrity" "sha512-pVzEEzrsg23Sh053rmDUvLSkGXluZio0qu8VT6ukrYuvtjVfCbDZH9d6PGXb8HZfzdNZt8feXv/jvUzlhRgLnw=="
  "resolved" "https://registry.npmjs.org/response-iterator/-/response-iterator-0.2.6.tgz"
  "version" "0.2.6"

"reusify@^1.0.4":
  "version" "1.0.4"

"rimraf@^3.0.2":
  "version" "3.0.2"
  dependencies:
    "glob" "^7.1.3"

"run-parallel@^1.1.9":
  "version" "1.2.0"
  dependencies:
    "queue-microtask" "^1.2.2"

"safe-array-concat@^1.0.0":
  "version" "1.0.0"
  dependencies:
    "call-bind" "^1.0.2"
    "get-intrinsic" "^1.2.0"
    "has-symbols" "^1.0.3"
    "isarray" "^2.0.5"

"safe-regex-test@^1.0.0":
  "version" "1.0.0"
  dependencies:
    "call-bind" "^1.0.2"
    "get-intrinsic" "^1.1.3"
    "is-regex" "^1.1.4"

"scheduler@^0.23.0":
  "version" "0.23.0"
  dependencies:
    "loose-envify" "^1.1.0"

"semver@^6.3.0", "semver@^6.3.1":
  "version" "6.3.1"

"semver@^7.5.4":
  "version" "7.5.4"
  dependencies:
    "lru-cache" "^6.0.0"

"shebang-command@^2.0.0":
  "version" "2.0.0"
  dependencies:
    "shebang-regex" "^3.0.0"

"shebang-regex@^3.0.0":
  "version" "3.0.0"

"side-channel@^1.0.4":
  "version" "1.0.4"
  dependencies:
    "call-bind" "^1.0.0"
    "get-intrinsic" "^1.0.2"
    "object-inspect" "^1.9.0"

"slash@^3.0.0":
  "version" "3.0.0"

"slick-carousel@^1.8.1":
  "version" "1.8.1"

"source-map-js@^1.0.2":
  "version" "1.0.2"

"streamsearch@^1.1.0":
  "version" "1.1.0"

"string-convert@^0.2.0":
  "version" "0.2.1"

"string.prototype.matchall@^4.0.8":
  "version" "4.0.8"
  dependencies:
    "call-bind" "^1.0.2"
    "define-properties" "^1.1.4"
    "es-abstract" "^1.20.4"
    "get-intrinsic" "^1.1.3"
    "has-symbols" "^1.0.3"
    "internal-slot" "^1.0.3"
    "regexp.prototype.flags" "^1.4.3"
    "side-channel" "^1.0.4"

"string.prototype.trim@^1.2.7":
  "version" "1.2.7"
  dependencies:
    "call-bind" "^1.0.2"
    "define-properties" "^1.1.4"
    "es-abstract" "^1.20.4"

"string.prototype.trimend@^1.0.6":
  "version" "1.0.6"
  dependencies:
    "call-bind" "^1.0.2"
    "define-properties" "^1.1.4"
    "es-abstract" "^1.20.4"

"string.prototype.trimstart@^1.0.6":
  "version" "1.0.6"
  dependencies:
    "call-bind" "^1.0.2"
    "define-properties" "^1.1.4"
    "es-abstract" "^1.20.4"

"strip-ansi@^6.0.1":
  "version" "6.0.1"
  dependencies:
    "ansi-regex" "^5.0.1"

"strip-bom@^3.0.0":
  "version" "3.0.0"

"strip-json-comments@^3.1.1":
  "version" "3.1.1"

"styled-jsx@5.1.1":
  "version" "5.1.1"
  dependencies:
    "client-only" "0.0.1"

"supports-color@^7.1.0":
  "version" "7.2.0"
  dependencies:
    "has-flag" "^4.0.0"

"supports-preserve-symlinks-flag@^1.0.0":
  "version" "1.0.0"

"symbol-observable@^4.0.0":
  "integrity" "sha512-b19dMThMV4HVFynSAM1++gBHAbk2Tc/osgLIBZMKsyqh34jb2e8Os7T6ZW/Bt3pJFdBTd2JwAnAAEQV7rSNvcQ=="
  "resolved" "https://registry.npmjs.org/symbol-observable/-/symbol-observable-4.0.0.tgz"
  "version" "4.0.0"

"tapable@^2.2.0":
  "version" "2.2.1"

"text-table@^0.2.0":
  "version" "0.2.0"

"to-regex-range@^5.0.1":
  "version" "5.0.1"
  dependencies:
    "is-number" "^7.0.0"

"ts-api-utils@^1.0.1":
  "version" "1.0.1"

"ts-invariant@^0.10.3":
  "integrity" "sha512-uivwYcQaxAucv1CzRp2n/QdYPo4ILf9VXgH19zEIjFx2EJufV16P0JtJVpYHy89DItG6Kwj2oIUjrcK5au+4tQ=="
  "resolved" "https://registry.npmjs.org/ts-invariant/-/ts-invariant-0.10.3.tgz"
  "version" "0.10.3"
  dependencies:
    "tslib" "^2.1.0"

"tsconfig-paths@^3.14.2":
  "version" "3.14.2"
  dependencies:
    "@types/json5" "^0.0.29"
    "json5" "^1.0.2"
    "minimist" "^1.2.6"
    "strip-bom" "^3.0.0"

"tslib@^2.1.0", "tslib@^2.3.0", "tslib@^2.4.0":
  "version" "2.6.1"

"type-check@^0.4.0", "type-check@~0.4.0":
  "version" "0.4.0"
  dependencies:
    "prelude-ls" "^1.2.1"

"type-fest@^0.20.2":
  "version" "0.20.2"

"typed-array-buffer@^1.0.0":
  "version" "1.0.0"
  dependencies:
    "call-bind" "^1.0.2"
    "get-intrinsic" "^1.2.1"
    "is-typed-array" "^1.1.10"

"typed-array-byte-length@^1.0.0":
  "version" "1.0.0"
  dependencies:
    "call-bind" "^1.0.2"
    "for-each" "^0.3.3"
    "has-proto" "^1.0.1"
    "is-typed-array" "^1.1.10"

"typed-array-byte-offset@^1.0.0":
  "version" "1.0.0"
  dependencies:
    "available-typed-arrays" "^1.0.5"
    "call-bind" "^1.0.2"
    "for-each" "^0.3.3"
    "has-proto" "^1.0.1"
    "is-typed-array" "^1.1.10"

"typed-array-length@^1.0.4":
  "version" "1.0.4"
  dependencies:
    "call-bind" "^1.0.2"
    "for-each" "^0.3.3"
    "is-typed-array" "^1.1.9"

"typescript@>=3.3.1", "typescript@>=4.2.0":
  "integrity" "sha512-mI4WrpHsbCIcwT9cF4FZvr80QUeKvsUsUvKDoR+X/7XHQH98xYD8YHZg7ANtz2GtZt/CBq2QJ0thkGJMHfqc1w=="
  "resolved" "https://registry.npmjs.org/typescript/-/typescript-5.2.2.tgz"
  "version" "5.2.2"

"unbox-primitive@^1.0.2":
  "version" "1.0.2"
  dependencies:
    "call-bind" "^1.0.2"
    "has-bigints" "^1.0.2"
    "has-symbols" "^1.0.3"
    "which-boxed-primitive" "^1.0.2"

"uri-js@^4.2.2":
  "version" "4.4.1"
  dependencies:
    "punycode" "^2.1.0"

"watchpack@2.4.0":
  "version" "2.4.0"
  dependencies:
    "glob-to-regexp" "^0.4.1"
    "graceful-fs" "^4.1.2"

"which-boxed-primitive@^1.0.2":
  "version" "1.0.2"
  dependencies:
    "is-bigint" "^1.0.1"
    "is-boolean-object" "^1.1.0"
    "is-number-object" "^1.0.4"
    "is-string" "^1.0.5"
    "is-symbol" "^1.0.3"

"which-builtin-type@^1.1.3":
  "version" "1.1.3"
  dependencies:
    "function.prototype.name" "^1.1.5"
    "has-tostringtag" "^1.0.0"
    "is-async-function" "^2.0.0"
    "is-date-object" "^1.0.5"
    "is-finalizationregistry" "^1.0.2"
    "is-generator-function" "^1.0.10"
    "is-regex" "^1.1.4"
    "is-weakref" "^1.0.2"
    "isarray" "^2.0.5"
    "which-boxed-primitive" "^1.0.2"
    "which-collection" "^1.0.1"
    "which-typed-array" "^1.1.9"

"which-collection@^1.0.1":
  "version" "1.0.1"
  dependencies:
    "is-map" "^2.0.1"
    "is-set" "^2.0.1"
    "is-weakmap" "^2.0.1"
    "is-weakset" "^2.0.1"

"which-typed-array@^1.1.10", "which-typed-array@^1.1.11", "which-typed-array@^1.1.9":
  "version" "1.1.11"
  dependencies:
    "available-typed-arrays" "^1.0.5"
    "call-bind" "^1.0.2"
    "for-each" "^0.3.3"
    "gopd" "^1.0.1"
    "has-tostringtag" "^1.0.0"

"which@^2.0.1":
  "version" "2.0.2"
  dependencies:
    "isexe" "^2.0.0"

"wrappy@1":
  "version" "1.0.2"

"yallist@^4.0.0":
  "version" "4.0.0"

"yocto-queue@^0.1.0":
  "version" "0.1.0"

"zen-observable-ts@^1.2.5":
  "integrity" "sha512-QZWQekv6iB72Naeake9hS1KxHlotfRpe+WGNbNx5/ta+R3DNjVO2bswf63gXlWDcs+EMd7XY8HfVQyP1X6T4Zg=="
  "resolved" "https://registry.npmjs.org/zen-observable-ts/-/zen-observable-ts-1.2.5.tgz"
  "version" "1.2.5"
  dependencies:
    "zen-observable" "0.8.15"

"zen-observable@0.8.15":
  "integrity" "sha512-PQ2PC7R9rslx84ndNBZB/Dkv8V8fZEpk83RLgXtYd0fwUgEjseMn1Dgajh2x6S8QbZAFa9p2qVCEuYZNgve0dQ=="
  "resolved" "https://registry.npmjs.org/zen-observable/-/zen-observable-0.8.15.tgz"
  "version" "0.8.15"

"zod@3.21.4":
  "version" "3.21.4"
